
Microsoft Visual Studio Solution File, Format Version 12.00
# Visual Studio Version 17
VisualStudioVersion = 17.0.31903.59
MinimumVisualStudioVersion = 10.0.40219.1
Project("{2150E333-8FDC-42A3-9474-1A3956D46DE8}") = "src", "src", "{827E0CD3-B72D-47B6-A68D-7590B98EB39B}"
EndProject
Project("{FAE04EC0-301F-11D3-BF4B-00C04F79EFBC}") = "Meridian.Cli", "src\Meridian.Cli\Meridian.Cli.csproj", "{9E14DBD1-EE09-4E14-978B-C034EF1E87DA}"
EndProject
Project("{FAE04EC0-301F-11D3-BF4B-00C04F79EFBC}") = "Meridian.Abstractions", "src\Meridian.Abstractions\Meridian.Abstractions.csproj", "{D1E43E2F-2379-475E-8EA9-9D151281EEC8}"
EndProject
Project("{FAE04EC0-301F-11D3-BF4B-00C04F79EFBC}") = "Meridian.Core", "src\Meridian.Core\Meridian.Core.csproj", "{85DAF54C-F759-43DE-A4AC-1C61EE2D6B8A}"
EndProject
Project("{FAE04EC0-301F-11D3-BF4B-00C04F79EFBC}") = "Meridian.Roslyn", "src\Meridian.Roslyn\Meridian.Roslyn.csproj", "{BA6A8D88-8D8B-40E2-8B19-30C7C9FC43E7}"
EndProject
Project("{FAE04EC0-301F-11D3-BF4B-00C04F79EFBC}") = "Meridian.Exporters.Json", "src\Meridian.Exporters.Json\Meridian.Exporters.Json.csproj", "{4FD01AC1-233E-4458-8ACA-E5CC12D402DD}"
EndProject
Project("{2150E333-8FDC-42A3-9474-1A3956D46DE8}") = "tests", "tests", "{0AB3BF05-4346-4AA6-1389-037BE0695223}"
EndProject
Project("{FAE04EC0-301F-11D3-BF4B-00C04F79EFBC}") = "Meridian.Core.Tests", "tests\Meridian.Core.Tests\Meridian.Core.Tests.csproj", "{09C7B844-4B35-42AA-8EC2-C46F48223F6B}"
EndProject
Project("{FAE04EC0-301F-11D3-BF4B-00C04F79EFBC}") = "Meridian.AnalyzerTests", "tests\Meridian.AnalyzerTests\Meridian.AnalyzerTests.csproj", "{55B3AE30-694B-4D69-B7BF-D1A4624A7D01}"
EndProject
Project("{2150E333-8FDC-42A3-9474-1A3956D46DE8}") = "samples", "samples", "{5D20AA90-6969-D8BD-9DCD-8634F4692FDA}"
EndProject
Project("{FAE04EC0-301F-11D3-BF4B-00C04F79EFBC}") = "Sample.BasicCalls", "samples\Sample.BasicCalls\Sample.BasicCalls.csproj", "{FE24FC3D-8B1A-4863-A526-1050B48C6163}"
EndProject
Global
	GlobalSection(SolutionConfigurationPlatforms) = preSolution
		Debug|Any CPU = Debug|Any CPU
		Debug|x64 = Debug|x64
		Debug|x86 = Debug|x86
		Release|Any CPU = Release|Any CPU
		Release|x64 = Release|x64
		Release|x86 = Release|x86
	EndGlobalSection
	GlobalSection(ProjectConfigurationPlatforms) = postSolution
		{9E14DBD1-EE09-4E14-978B-C034EF1E87DA}.Debug|Any CPU.ActiveCfg = Debug|Any CPU
		{9E14DBD1-EE09-4E14-978B-C034EF1E87DA}.Debug|Any CPU.Build.0 = Debug|Any CPU
		{9E14DBD1-EE09-4E14-978B-C034EF1E87DA}.Debug|x64.ActiveCfg = Debug|Any CPU
		{9E14DBD1-EE09-4E14-978B-C034EF1E87DA}.Debug|x64.Build.0 = Debug|Any CPU
		{9E14DBD1-EE09-4E14-978B-C034EF1E87DA}.Debug|x86.ActiveCfg = Debug|Any CPU
		{9E14DBD1-EE09-4E14-978B-C034EF1E87DA}.Debug|x86.Build.0 = Debug|Any CPU
		{9E14DBD1-EE09-4E14-978B-C034EF1E87DA}.Release|Any CPU.ActiveCfg = Release|Any CPU
		{9E14DBD1-EE09-4E14-978B-C034EF1E87DA}.Release|Any CPU.Build.0 = Release|Any CPU
		{9E14DBD1-EE09-4E14-978B-C034EF1E87DA}.Release|x64.ActiveCfg = Release|Any CPU
		{9E14DBD1-EE09-4E14-978B-C034EF1E87DA}.Release|x64.Build.0 = Release|Any CPU
		{9E14DBD1-EE09-4E14-978B-C034EF1E87DA}.Release|x86.ActiveCfg = Release|Any CPU
		{9E14DBD1-EE09-4E14-978B-C034EF1E87DA}.Release|x86.Build.0 = Release|Any CPU
		{D1E43E2F-2379-475E-8EA9-9D151281EEC8}.Debug|Any CPU.ActiveCfg = Debug|Any CPU
		{D1E43E2F-2379-475E-8EA9-9D151281EEC8}.Debug|Any CPU.Build.0 = Debug|Any CPU
		{D1E43E2F-2379-475E-8EA9-9D151281EEC8}.Debug|x64.ActiveCfg = Debug|Any CPU
		{D1E43E2F-2379-475E-8EA9-9D151281EEC8}.Debug|x64.Build.0 = Debug|Any CPU
		{D1E43E2F-2379-475E-8EA9-9D151281EEC8}.Debug|x86.ActiveCfg = Debug|Any CPU
		{D1E43E2F-2379-475E-8EA9-9D151281EEC8}.Debug|x86.Build.0 = Debug|Any CPU
		{D1E43E2F-2379-475E-8EA9-9D151281EEC8}.Release|Any CPU.ActiveCfg = Release|Any CPU
		{D1E43E2F-2379-475E-8EA9-9D151281EEC8}.Release|Any CPU.Build.0 = Release|Any CPU
		{D1E43E2F-2379-475E-8EA9-9D151281EEC8}.Release|x64.ActiveCfg = Release|Any CPU
		{D1E43E2F-2379-475E-8EA9-9D151281EEC8}.Release|x64.Build.0 = Release|Any CPU
		{D1E43E2F-2379-475E-8EA9-9D151281EEC8}.Release|x86.ActiveCfg = Release|Any CPU
		{D1E43E2F-2379-475E-8EA9-9D151281EEC8}.Release|x86.Build.0 = Release|Any CPU
		{85DAF54C-F759-43DE-A4AC-1C61EE2D6B8A}.Debug|Any CPU.ActiveCfg = Debug|Any CPU
		{85DAF54C-F759-43DE-A4AC-1C61EE2D6B8A}.Debug|Any CPU.Build.0 = Debug|Any CPU
		{85DAF54C-F759-43DE-A4AC-1C61EE2D6B8A}.Debug|x64.ActiveCfg = Debug|Any CPU
		{85DAF54C-F759-43DE-A4AC-1C61EE2D6B8A}.Debug|x64.Build.0 = Debug|Any CPU
		{85DAF54C-F759-43DE-A4AC-1C61EE2D6B8A}.Debug|x86.ActiveCfg = Debug|Any CPU
		{85DAF54C-F759-43DE-A4AC-1C61EE2D6B8A}.Debug|x86.Build.0 = Debug|Any CPU
		{85DAF54C-F759-43DE-A4AC-1C61EE2D6B8A}.Release|Any CPU.ActiveCfg = Release|Any CPU
		{85DAF54C-F759-43DE-A4AC-1C61EE2D6B8A}.Release|Any CPU.Build.0 = Release|Any CPU
		{85DAF54C-F759-43DE-A4AC-1C61EE2D6B8A}.Release|x64.ActiveCfg = Release|Any CPU
		{85DAF54C-F759-43DE-A4AC-1C61EE2D6B8A}.Release|x64.Build.0 = Release|Any CPU
		{85DAF54C-F759-43DE-A4AC-1C61EE2D6B8A}.Release|x86.ActiveCfg = Release|Any CPU
		{85DAF54C-F759-43DE-A4AC-1C61EE2D6B8A}.Release|x86.Build.0 = Release|Any CPU
		{BA6A8D88-8D8B-40E2-8B19-30C7C9FC43E7}.Debug|Any CPU.ActiveCfg = Debug|Any CPU
		{BA6A8D88-8D8B-40E2-8B19-30C7C9FC43E7}.Debug|Any CPU.Build.0 = Debug|Any CPU
		{BA6A8D88-8D8B-40E2-8B19-30C7C9FC43E7}.Debug|x64.ActiveCfg = Debug|Any CPU
		{BA6A8D88-8D8B-40E2-8B19-30C7C9FC43E7}.Debug|x64.Build.0 = Debug|Any CPU
		{BA6A8D88-8D8B-40E2-8B19-30C7C9FC43E7}.Debug|x86.ActiveCfg = Debug|Any CPU
		{BA6A8D88-8D8B-40E2-8B19-30C7C9FC43E7}.Debug|x86.Build.0 = Debug|Any CPU
		{BA6A8D88-8D8B-40E2-8B19-30C7C9FC43E7}.Release|Any CPU.ActiveCfg = Release|Any CPU
		{BA6A8D88-8D8B-40E2-8B19-30C7C9FC43E7}.Release|Any CPU.Build.0 = Release|Any CPU
		{BA6A8D88-8D8B-40E2-8B19-30C7C9FC43E7}.Release|x64.ActiveCfg = Release|Any CPU
		{BA6A8D88-8D8B-40E2-8B19-30C7C9FC43E7}.Release|x64.Build.0 = Release|Any CPU
		{BA6A8D88-8D8B-40E2-8B19-30C7C9FC43E7}.Release|x86.ActiveCfg = Release|Any CPU
		{BA6A8D88-8D8B-40E2-8B19-30C7C9FC43E7}.Release|x86.Build.0 = Release|Any CPU
		{4FD01AC1-233E-4458-8ACA-E5CC12D402DD}.Debug|Any CPU.ActiveCfg = Debug|Any CPU
		{4FD01AC1-233E-4458-8ACA-E5CC12D402DD}.Debug|Any CPU.Build.0 = Debug|Any CPU
		{4FD01AC1-233E-4458-8ACA-E5CC12D402DD}.Debug|x64.ActiveCfg = Debug|Any CPU
		{4FD01AC1-233E-4458-8ACA-E5CC12D402DD}.Debug|x64.Build.0 = Debug|Any CPU
		{4FD01AC1-233E-4458-8ACA-E5CC12D402DD}.Debug|x86.ActiveCfg = Debug|Any CPU
		{4FD01AC1-233E-4458-8ACA-E5CC12D402DD}.Debug|x86.Build.0 = Debug|Any CPU
		{4FD01AC1-233E-4458-8ACA-E5CC12D402DD}.Release|Any CPU.ActiveCfg = Release|Any CPU
		{4FD01AC1-233E-4458-8ACA-E5CC12D402DD}.Release|Any CPU.Build.0 = Release|Any CPU
		{4FD01AC1-233E-4458-8ACA-E5CC12D402DD}.Release|x64.ActiveCfg = Release|Any CPU
		{4FD01AC1-233E-4458-8ACA-E5CC12D402DD}.Release|x64.Build.0 = Release|Any CPU
		{4FD01AC1-233E-4458-8ACA-E5CC12D402DD}.Release|x86.ActiveCfg = Release|Any CPU
		{4FD01AC1-233E-4458-8ACA-E5CC12D402DD}.Release|x86.Build.0 = Release|Any CPU
		{09C7B844-4B35-42AA-8EC2-C46F48223F6B}.Debug|Any CPU.ActiveCfg = Debug|Any CPU
		{09C7B844-4B35-42AA-8EC2-C46F48223F6B}.Debug|Any CPU.Build.0 = Debug|Any CPU
		{09C7B844-4B35-42AA-8EC2-C46F48223F6B}.Debug|x64.ActiveCfg = Debug|Any CPU
		{09C7B844-4B35-42AA-8EC2-C46F48223F6B}.Debug|x64.Build.0 = Debug|Any CPU
		{09C7B844-4B35-42AA-8EC2-C46F48223F6B}.Debug|x86.ActiveCfg = Debug|Any CPU
		{09C7B844-4B35-42AA-8EC2-C46F48223F6B}.Debug|x86.Build.0 = Debug|Any CPU
		{09C7B844-4B35-42AA-8EC2-C46F48223F6B}.Release|Any CPU.ActiveCfg = Release|Any CPU
		{09C7B844-4B35-42AA-8EC2-C46F48223F6B}.Release|Any CPU.Build.0 = Release|Any CPU
		{09C7B844-4B35-42AA-8EC2-C46F48223F6B}.Release|x64.ActiveCfg = Release|Any CPU
		{09C7B844-4B35-42AA-8EC2-C46F48223F6B}.Release|x64.Build.0 = Release|Any CPU
		{09C7B844-4B35-42AA-8EC2-C46F48223F6B}.Release|x86.ActiveCfg = Release|Any CPU
		{09C7B844-4B35-42AA-8EC2-C46F48223F6B}.Release|x86.Build.0 = Release|Any CPU
		{55B3AE30-694B-4D69-B7BF-D1A4624A7D01}.Debug|Any CPU.ActiveCfg = Debug|Any CPU
		{55B3AE30-694B-4D69-B7BF-D1A4624A7D01}.Debug|Any CPU.Build.0 = Debug|Any CPU
		{55B3AE30-694B-4D69-B7BF-D1A4624A7D01}.Debug|x64.ActiveCfg = Debug|Any CPU
		{55B3AE30-694B-4D69-B7BF-D1A4624A7D01}.Debug|x64.Build.0 = Debug|Any CPU
		{55B3AE30-694B-4D69-B7BF-D1A4624A7D01}.Debug|x86.ActiveCfg = Debug|Any CPU
		{55B3AE30-694B-4D69-B7BF-D1A4624A7D01}.Debug|x86.Build.0 = Debug|Any CPU
		{55B3AE30-694B-4D69-B7BF-D1A4624A7D01}.Release|Any CPU.ActiveCfg = Release|Any CPU
		{55B3AE30-694B-4D69-B7BF-D1A4624A7D01}.Release|Any CPU.Build.0 = Release|Any CPU
		{55B3AE30-694B-4D69-B7BF-D1A4624A7D01}.Release|x64.ActiveCfg = Release|Any CPU
		{55B3AE30-694B-4D69-B7BF-D1A4624A7D01}.Release|x64.Build.0 = Release|Any CPU
		{55B3AE30-694B-4D69-B7BF-D1A4624A7D01}.Release|x86.ActiveCfg = Release|Any CPU
		{55B3AE30-694B-4D69-B7BF-D1A4624A7D01}.Release|x86.Build.0 = Release|Any CPU
		{FE24FC3D-8B1A-4863-A526-1050B48C6163}.Debug|Any CPU.ActiveCfg = Debug|Any CPU
		{FE24FC3D-8B1A-4863-A526-1050B48C6163}.Debug|Any CPU.Build.0 = Debug|Any CPU
		{FE24FC3D-8B1A-4863-A526-1050B48C6163}.Debug|x64.ActiveCfg = Debug|Any CPU
		{FE24FC3D-8B1A-4863-A526-1050B48C6163}.Debug|x64.Build.0 = Debug|Any CPU
		{FE24FC3D-8B1A-4863-A526-1050B48C6163}.Debug|x86.ActiveCfg = Debug|Any CPU
		{FE24FC3D-8B1A-4863-A526-1050B48C6163}.Debug|x86.Build.0 = Debug|Any CPU
		{FE24FC3D-8B1A-4863-A526-1050B48C6163}.Release|Any CPU.ActiveCfg = Release|Any CPU
		{FE24FC3D-8B1A-4863-A526-1050B48C6163}.Release|Any CPU.Build.0 = Release|Any CPU
		{FE24FC3D-8B1A-4863-A526-1050B48C6163}.Release|x64.ActiveCfg = Release|Any CPU
		{FE24FC3D-8B1A-4863-A526-1050B48C6163}.Release|x64.Build.0 = Release|Any CPU
		{FE24FC3D-8B1A-4863-A526-1050B48C6163}.Release|x86.ActiveCfg = Release|Any CPU
		{FE24FC3D-8B1A-4863-A526-1050B48C6163}.Release|x86.Build.0 = Release|Any CPU
	EndGlobalSection
	GlobalSection(SolutionProperties) = preSolution
		HideSolutionNode = FALSE
	EndGlobalSection
	GlobalSection(NestedProjects) = preSolution
		{9E14DBD1-EE09-4E14-978B-C034EF1E87DA} = {827E0CD3-B72D-47B6-A68D-7590B98EB39B}
		{D1E43E2F-2379-475E-8EA9-9D151281EEC8} = {827E0CD3-B72D-47B6-A68D-7590B98EB39B}
		{85DAF54C-F759-43DE-A4AC-1C61EE2D6B8A} = {827E0CD3-B72D-47B6-A68D-7590B98EB39B}
		{BA6A8D88-8D8B-40E2-8B19-30C7C9FC43E7} = {827E0CD3-B72D-47B6-A68D-7590B98EB39B}
		{4FD01AC1-233E-4458-8ACA-E5CC12D402DD} = {827E0CD3-B72D-47B6-A68D-7590B98EB39B}
		{09C7B844-4B35-42AA-8EC2-C46F48223F6B} = {0AB3BF05-4346-4AA6-1389-037BE0695223}
		{55B3AE30-694B-4D69-B7BF-D1A4624A7D01} = {0AB3BF05-4346-4AA6-1389-037BE0695223}
		{FE24FC3D-8B1A-4863-A526-1050B48C6163} = {5D20AA90-6969-D8BD-9DCD-8634F4692FDA}
	EndGlobalSection
EndGlobal
